
Microsoft Visual Studio Solution File, Format Version 12.00
# Visual Studio Version 17
VisualStudioVersion = 17.8.34330.188
MinimumVisualStudioVersion = 10.0.40219.1
Project("{FAE04EC0-301F-11D3-BF4B-00C04F79EFBC}") = "VillaProject.Web", "VillaProject.Web\VillaProject.Web.csproj", "{0FD3D53A-D740-4C84-A52A-DDF0D3254192}"
EndProject
Project("{FAE04EC0-301F-11D3-BF4B-00C04F79EFBC}") = "VillaProject.Domain", "VillaProject.Domain\VillaProject.Domain.csproj", "{777DCE2B-F50C-4047-91A7-9E5FE8DE58F4}"
EndProject
Project("{FAE04EC0-301F-11D3-BF4B-00C04F79EFBC}") = "VillaProject.Application", "VillaProject.Application\VillaProject.Application.csproj", "{384E87C8-B458-45E7-93FC-77CBBA196F19}"
EndProject
Project("{FAE04EC0-301F-11D3-BF4B-00C04F79EFBC}") = "VillaProject.Infrastructure", "VillaProject.Infrastructure\VillaProject.Infrastructure.csproj", "{01C34C32-1BBE-4AEF-A098-0E1CB7E88F71}"
EndProject
Global
	GlobalSection(SolutionConfigurationPlatforms) = preSolution
		Debug|Any CPU = Debug|Any CPU
		Release|Any CPU = Release|Any CPU
	EndGlobalSection
	GlobalSection(ProjectConfigurationPlatforms) = postSolution
		{0FD3D53A-D740-4C84-A52A-DDF0D3254192}.Debug|Any CPU.ActiveCfg = Debug|Any CPU
		{0FD3D53A-D740-4C84-A52A-DDF0D3254192}.Debug|Any CPU.Build.0 = Debug|Any CPU
		{0FD3D53A-D740-4C84-A52A-DDF0D3254192}.Release|Any CPU.ActiveCfg = Release|Any CPU
		{0FD3D53A-D740-4C84-A52A-DDF0D3254192}.Release|Any CPU.Build.0 = Release|Any CPU
		{777DCE2B-F50C-4047-91A7-9E5FE8DE58F4}.Debug|Any CPU.ActiveCfg = Debug|Any CPU
		{777DCE2B-F50C-4047-91A7-9E5FE8DE58F4}.Debug|Any CPU.Build.0 = Debug|Any CPU
		{777DCE2B-F50C-4047-91A7-9E5FE8DE58F4}.Release|Any CPU.ActiveCfg = Release|Any CPU
		{777DCE2B-F50C-4047-91A7-9E5FE8DE58F4}.Release|Any CPU.Build.0 = Release|Any CPU
		{384E87C8-B458-45E7-93FC-77CBBA196F19}.Debug|Any CPU.ActiveCfg = Debug|Any CPU
		{384E87C8-B458-45E7-93FC-77CBBA196F19}.Debug|Any CPU.Build.0 = Debug|Any CPU
		{384E87C8-B458-45E7-93FC-77CBBA196F19}.Release|Any CPU.ActiveCfg = Release|Any CPU
		{384E87C8-B458-45E7-93FC-77CBBA196F19}.Release|Any CPU.Build.0 = Release|Any CPU
		{01C34C32-1BBE-4AEF-A098-0E1CB7E88F71}.Debug|Any CPU.ActiveCfg = Debug|Any CPU
		{01C34C32-1BBE-4AEF-A098-0E1CB7E88F71}.Debug|Any CPU.Build.0 = Debug|Any CPU
		{01C34C32-1BBE-4AEF-A098-0E1CB7E88F71}.Release|Any CPU.ActiveCfg = Release|Any CPU
		{01C34C32-1BBE-4AEF-A098-0E1CB7E88F71}.Release|Any CPU.Build.0 = Release|Any CPU
	EndGlobalSection
	GlobalSection(SolutionProperties) = preSolution
		HideSolutionNode = FALSE
	EndGlobalSection
	GlobalSection(ExtensibilityGlobals) = postSolution
		SolutionGuid = {D876C481-298F-4FF3-9432-20A875587921}
	EndGlobalSection
EndGlobal
